
Microsoft Visual Studio Solution File, Format Version 12.00
# Visual Studio Version 17
VisualStudioVersion = 17.9.34728.123
MinimumVisualStudioVersion = 10.0.40219.1
Project("{FAE04EC0-301F-11D3-BF4B-00C04F79EFBC}") = "parking-system", "parking-system\parking-system.csproj", "{C5B321DD-A1E3-475D-91FF-3969305470AF}"
EndProject
Global
	GlobalSection(SolutionConfigurationPlatforms) = preSolution
		Debug|Any CPU = Debug|Any CPU
		Release|Any CPU = Release|Any CPU
	EndGlobalSection
	GlobalSection(ProjectConfigurationPlatforms) = postSolution
		{C5B321DD-A1E3-475D-91FF-3969305470AF}.Debug|Any CPU.ActiveCfg = Debug|Any CPU
		{C5B321DD-A1E3-475D-91FF-3969305470AF}.Debug|Any CPU.Build.0 = Debug|Any CPU
		{C5B321DD-A1E3-475D-91FF-3969305470AF}.Release|Any CPU.ActiveCfg = Release|Any CPU
		{C5B321DD-A1E3-475D-91FF-3969305470AF}.Release|Any CPU.Build.0 = Release|Any CPU
	EndGlobalSection
	GlobalSection(SolutionProperties) = preSolution
		HideSolutionNode = FALSE
	EndGlobalSection
	GlobalSection(ExtensibilityGlobals) = postSolution
		SolutionGuid = {1742622F-C1C1-4541-A524-AC9CB7A1208F}
	EndGlobalSection
EndGlobal
